{
  "name": "starter-kit-nodejs",
  "version": "1.0.0",
  "lockfileVersion": 1,
  "requires": true,
  "dependencies": {
    "tool-files": {
      "version": "1.0.0",
      "resolved": "https://registry.npmjs.org/tool-files/-/tool-files-1.0.0.tgz",
      "integrity": "sha1-gUOBMMmwOH1po3k8csNaj4w+KJU="
    }
  }
}
